// !$*UTF8*$!
{
	archiveVersion = 1;
	classes = {
	};
	objectVersion = 46;
	objects = {

/* Begin PBXBuildFile section */
		7A7EEBA2F09AD9AD8C4514D4 /* libPods-01-百思不得姐.a in Frameworks */ = {isa = PBXBuildFile; fileRef = 1668EEAA845B4AD4DB863B16 /* libPods-01-百思不得姐.a */; };
		FE43386F1D2D0688009B19B0 /* WLTopWindow.m in Sources */ = {isa = PBXBuildFile; fileRef = FE43386E1D2D0688009B19B0 /* WLTopWindow.m */; };
		FE4338721D2D0AFA009B19B0 /* WLTopViewController.m in Sources */ = {isa = PBXBuildFile; fileRef = FE4338711D2D0AFA009B19B0 /* WLTopViewController.m */; };
		FE4EAAFF1D28160500DB835A /* MapKit.framework in Frameworks */ = {isa = PBXBuildFile; fileRef = FE4EAAFE1D28160500DB835A /* MapKit.framework */; };
		FE7F28271D1AEB5D006D3BED /* WLRecommendViewController.m in Sources */ = {isa = PBXBuildFile; fileRef = FE7F28261D1AEB5D006D3BED /* WLRecommendViewController.m */; };
		FE7F28301D1C0A60006D3BED /* WLRecommendCell.m in Sources */ = {isa = PBXBuildFile; fileRef = FE7F282E1D1C0A60006D3BED /* WLRecommendCell.m */; };
		FE7F28311D1C0A60006D3BED /* WLRecommendCell.xib in Resources */ = {isa = PBXBuildFile; fileRef = FE7F282F1D1C0A60006D3BED /* WLRecommendCell.xib */; };
		FE7F28341D1C0F61006D3BED /* WLRecommend.m in Sources */ = {isa = PBXBuildFile; fileRef = FE7F28331D1C0F61006D3BED /* WLRecommend.m */; };
		FE7F28611D1D7B3C006D3BED /* WLLoginAndRegisterController.m in Sources */ = {isa = PBXBuildFile; fileRef = FE7F285F1D1D7B3C006D3BED /* WLLoginAndRegisterController.m */; };
		FE7F28621D1D7B3C006D3BED /* WLLoginAndRegisterController.xib in Resources */ = {isa = PBXBuildFile; fileRef = FE7F28601D1D7B3C006D3BED /* WLLoginAndRegisterController.xib */; };
		FE7F28651D1D8A8E006D3BED /* WLQuickBtn.m in Sources */ = {isa = PBXBuildFile; fileRef = FE7F28641D1D8A8E006D3BED /* WLQuickBtn.m */; };
		FE7F28681D1E49C4006D3BED /* WLTextField.m in Sources */ = {isa = PBXBuildFile; fileRef = FE7F28671D1E49C4006D3BED /* WLTextField.m */; };
		FE7F286B1D1E6C96006D3BED /* WLPushGuideView.m in Sources */ = {isa = PBXBuildFile; fileRef = FE7F286A1D1E6C96006D3BED /* WLPushGuideView.m */; };
		FE7F286D1D1E6CA7006D3BED /* WLPushGuideView.xib in Resources */ = {isa = PBXBuildFile; fileRef = FE7F286C1D1E6CA7006D3BED /* WLPushGuideView.xib */; };
		FE7F287F1D1FB36E006D3BED /* WLTopic.m in Sources */ = {isa = PBXBuildFile; fileRef = FE7F287E1D1FB36E006D3BED /* WLTopic.m */; };
		FE7F28821D1FC546006D3BED /* WLConst.m in Sources */ = {isa = PBXBuildFile; fileRef = FE7F28811D1FC546006D3BED /* WLConst.m */; };
		FE7F28861D1FCC7A006D3BED /* WLTopicCell.m in Sources */ = {isa = PBXBuildFile; fileRef = FE7F28841D1FCC7A006D3BED /* WLTopicCell.m */; };
		FE7F28871D1FCC7A006D3BED /* WLTopicCell.xib in Resources */ = {isa = PBXBuildFile; fileRef = FE7F28851D1FCC7A006D3BED /* WLTopicCell.xib */; };
		FE7F288A1D202FD1006D3BED /* NSDate+Extension.m in Sources */ = {isa = PBXBuildFile; fileRef = FE7F28891D202FD1006D3BED /* NSDate+Extension.m */; };
		FE7F288D1D21832C006D3BED /* WLTopicViewController.m in Sources */ = {isa = PBXBuildFile; fileRef = FE7F288C1D21832C006D3BED /* WLTopicViewController.m */; };
		FE90D2721D31380C002666C3 /* WLSquareBtn.m in Sources */ = {isa = PBXBuildFile; fileRef = FE90D2711D31380C002666C3 /* WLSquareBtn.m */; };
		FE90D2761D3144EA002666C3 /* WLWebController.m in Sources */ = {isa = PBXBuildFile; fileRef = FE90D2741D3144EA002666C3 /* WLWebController.m */; };
		FE90D2771D3144EA002666C3 /* WLWebController.xib in Resources */ = {isa = PBXBuildFile; fileRef = FE90D2751D3144EA002666C3 /* WLWebController.xib */; };
		FE90D27A1D32173E002666C3 /* WLPublicTopicViewController.m in Sources */ = {isa = PBXBuildFile; fileRef = FE90D2791D32173E002666C3 /* WLPublicTopicViewController.m */; };
		FE90D27D1D323982002666C3 /* WLPlaceholderTextView.m in Sources */ = {isa = PBXBuildFile; fileRef = FE90D27C1D323982002666C3 /* WLPlaceholderTextView.m */; };
		FEA43AF21D165AD90069F9A7 /* Assets.xcassets in Resources */ = {isa = PBXBuildFile; fileRef = FEA43AF11D165AD90069F9A7 /* Assets.xcassets */; };
		FEA43B431D16B43D0069F9A7 /* WLEssenceController.m in Sources */ = {isa = PBXBuildFile; fileRef = FEA43B1A1D16B43D0069F9A7 /* WLEssenceController.m */; };
		FEA43B441D16B43D0069F9A7 /* WLFriendTrendsController.m in Sources */ = {isa = PBXBuildFile; fileRef = FEA43B241D16B43D0069F9A7 /* WLFriendTrendsController.m */; };
		FEA43B451D16B43D0069F9A7 /* AppDelegate.m in Sources */ = {isa = PBXBuildFile; fileRef = FEA43B291D16B43D0069F9A7 /* AppDelegate.m */; };
		FEA43B461D16B43D0069F9A7 /* WLTabBarController.m in Sources */ = {isa = PBXBuildFile; fileRef = FEA43B2C1D16B43D0069F9A7 /* WLTabBarController.m */; };
		FEA43B471D16B43D0069F9A7 /* main.m in Sources */ = {isa = PBXBuildFile; fileRef = FEA43B2D1D16B43D0069F9A7 /* main.m */; };
		FEA43B4A1D16B43D0069F9A7 /* WLTabBar.m in Sources */ = {isa = PBXBuildFile; fileRef = FEA43B351D16B43D0069F9A7 /* WLTabBar.m */; };
		FEA43B4B1D16B43D0069F9A7 /* WLMeController.m in Sources */ = {isa = PBXBuildFile; fileRef = FEA43B3A1D16B43D0069F9A7 /* WLMeController.m */; };
		FEA43B4C1D16B43D0069F9A7 /* WLNewController.m in Sources */ = {isa = PBXBuildFile; fileRef = FEA43B401D16B43D0069F9A7 /* WLNewController.m */; };
		FEA43B531D16B6C00069F9A7 /* UIBarButtonItem+WLExtension.m in Sources */ = {isa = PBXBuildFile; fileRef = FEA43B501D16B6C00069F9A7 /* UIBarButtonItem+WLExtension.m */; };
		FEA43B541D16B6C00069F9A7 /* UIView+WLExtension.m in Sources */ = {isa = PBXBuildFile; fileRef = FEA43B521D16B6C00069F9A7 /* UIView+WLExtension.m */; };
		FEA43B571D16BF250069F9A7 /* WLNavigationBar.m in Sources */ = {isa = PBXBuildFile; fileRef = FEA43B561D16BF250069F9A7 /* WLNavigationBar.m */; };
		FEA43B591D16D8EF0069F9A7 /* WLFriendTrendsController.xib in Resources */ = {isa = PBXBuildFile; fileRef = FEA43B581D16D8EF0069F9A7 /* WLFriendTrendsController.xib */; };
		FEA43B5D1D16E50E0069F9A7 /* WLRecommedController.m in Sources */ = {isa = PBXBuildFile; fileRef = FEA43B5B1D16E50E0069F9A7 /* WLRecommedController.m */; };
		FEA43B5E1D16E50E0069F9A7 /* WLRecommedController.xib in Resources */ = {isa = PBXBuildFile; fileRef = FEA43B5C1D16E50E0069F9A7 /* WLRecommedController.xib */; };
		FEA43B601D16E95B0069F9A7 /* Foundation+Log.m in Sources */ = {isa = PBXBuildFile; fileRef = FEA43B5F1D16E95B0069F9A7 /* Foundation+Log.m */; };
		FEA43B631D181DAD0069F9A7 /* WLCategory.m in Sources */ = {isa = PBXBuildFile; fileRef = FEA43B621D181DAD0069F9A7 /* WLCategory.m */; };
		FEA43B671D1826C70069F9A7 /* WLLeftCell.m in Sources */ = {isa = PBXBuildFile; fileRef = FEA43B651D1826C70069F9A7 /* WLLeftCell.m */; };
		FEA43B681D1826C70069F9A7 /* WLLeftCell.xib in Resources */ = {isa = PBXBuildFile; fileRef = FEA43B661D1826C70069F9A7 /* WLLeftCell.xib */; };
		FEA43B6B1D183C7C0069F9A7 /* WLRecommedUser.m in Sources */ = {isa = PBXBuildFile; fileRef = FEA43B6A1D183C7C0069F9A7 /* WLRecommedUser.m */; };
		FEA43B6F1D1841B00069F9A7 /* WLRightCell.m in Sources */ = {isa = PBXBuildFile; fileRef = FEA43B6D1D1841B00069F9A7 /* WLRightCell.m */; };
		FEA43B701D1841B00069F9A7 /* WLRightCell.xib in Resources */ = {isa = PBXBuildFile; fileRef = FEA43B6E1D1841B00069F9A7 /* WLRightCell.xib */; };
		FEAB97911D24011400114446 /* WLPIcture.m in Sources */ = {isa = PBXBuildFile; fileRef = FEAB97901D24011400114446 /* WLPIcture.m */; };
		FEAB97931D24012700114446 /* WLPIcture.xib in Resources */ = {isa = PBXBuildFile; fileRef = FEAB97921D24012700114446 /* WLPIcture.xib */; };
		FEAB97971D25502A00114446 /* WLBigPictureViewController.m in Sources */ = {isa = PBXBuildFile; fileRef = FEAB97951D25502A00114446 /* WLBigPictureViewController.m */; };
		FEAB97981D25502A00114446 /* WLBigPictureViewController.xib in Resources */ = {isa = PBXBuildFile; fileRef = FEAB97961D25502A00114446 /* WLBigPictureViewController.xib */; };
		FEAB97A01D2699BA00114446 /* WLPublicViewController.m in Sources */ = {isa = PBXBuildFile; fileRef = FEAB979E1D2699BA00114446 /* WLPublicViewController.m */; };
		FEAB97A11D2699BA00114446 /* WLPublicViewController.xib in Resources */ = {isa = PBXBuildFile; fileRef = FEAB979F1D2699BA00114446 /* WLPublicViewController.xib */; };
		FEAB97A41D26A58300114446 /* WLPublish.m in Sources */ = {isa = PBXBuildFile; fileRef = FEAB97A31D26A58300114446 /* WLPublish.m */; };
		FEB8961B1D2818BF00FEE618 /* WLVoice.m in Sources */ = {isa = PBXBuildFile; fileRef = FEB8961A1D2818BF00FEE618 /* WLVoice.m */; };
		FEB8961D1D2818CE00FEE618 /* WLVoice.xib in Resources */ = {isa = PBXBuildFile; fileRef = FEB8961C1D2818CE00FEE618 /* WLVoice.xib */; };
		FEB896201D28C3E300FEE618 /* WLVideo.m in Sources */ = {isa = PBXBuildFile; fileRef = FEB8961F1D28C3E300FEE618 /* WLVideo.m */; };
		FEB896221D28C3FD00FEE618 /* WLVideo.xib in Resources */ = {isa = PBXBuildFile; fileRef = FEB896211D28C3FD00FEE618 /* WLVideo.xib */; };
		FEB896251D29019000FEE618 /* WLUser.m in Sources */ = {isa = PBXBuildFile; fileRef = FEB896241D29019000FEE618 /* WLUser.m */; };
		FEB896281D29025900FEE618 /* WLTopComment.m in Sources */ = {isa = PBXBuildFile; fileRef = FEB896271D29025900FEE618 /* WLTopComment.m */; };
		FEB8962B1D29063500FEE618 /* WLTopCommentView.m in Sources */ = {isa = PBXBuildFile; fileRef = FEB8962A1D29063500FEE618 /* WLTopCommentView.m */; };
		FEB8962D1D29064000FEE618 /* WLTopCommentView.xib in Resources */ = {isa = PBXBuildFile; fileRef = FEB8962C1D29064000FEE618 /* WLTopCommentView.xib */; };
		FEB896311D292B7F00FEE618 /* WLCommentViewController.m in Sources */ = {isa = PBXBuildFile; fileRef = FEB8962F1D292B7F00FEE618 /* WLCommentViewController.m */; };
		FEB896321D292B7F00FEE618 /* WLCommentViewController.xib in Resources */ = {isa = PBXBuildFile; fileRef = FEB896301D292B7F00FEE618 /* WLCommentViewController.xib */; };
		FEB896351D2A9D1E00FEE618 /* WLComment.m in Sources */ = {isa = PBXBuildFile; fileRef = FEB896341D2A9D1E00FEE618 /* WLComment.m */; };
		FEB896381D2AA42D00FEE618 /* WLAllComment.m in Sources */ = {isa = PBXBuildFile; fileRef = FEB896371D2AA42D00FEE618 /* WLAllComment.m */; };
		FEB8963B1D2BF64900FEE618 /* WLCommentView.m in Sources */ = {isa = PBXBuildFile; fileRef = FEB8963A1D2BF64900FEE618 /* WLCommentView.m */; };
		FEB8963D1D2BF65D00FEE618 /* WLCommentView.xib in Resources */ = {isa = PBXBuildFile; fileRef = FEB8963C1D2BF65D00FEE618 /* WLCommentView.xib */; };
		FED81DBC1D30D246005A9A24 /* UIImage+WLExtension.m in Sources */ = {isa = PBXBuildFile; fileRef = FED81DBB1D30D246005A9A24 /* UIImage+WLExtension.m */; };
		FED81DBF1D30D810005A9A24 /* UIImageView+WLExtension.m in Sources */ = {isa = PBXBuildFile; fileRef = FED81DBE1D30D810005A9A24 /* UIImageView+WLExtension.m */; };
		FED81DCC1D311B34005A9A24 /* WLMeCell.m in Sources */ = {isa = PBXBuildFile; fileRef = FED81DCB1D311B34005A9A24 /* WLMeCell.m */; };
		FED81DCF1D31229B005A9A24 /* WLMeFooterView.m in Sources */ = {isa = PBXBuildFile; fileRef = FED81DCE1D31229B005A9A24 /* WLMeFooterView.m */; };
		FED81DD21D31288D005A9A24 /* WLSquare.m in Sources */ = {isa = PBXBuildFile; fileRef = FED81DD11D31288D005A9A24 /* WLSquare.m */; };
/* End PBXBuildFile section */

/* Begin PBXFileReference section */
		1668EEAA845B4AD4DB863B16 /* libPods-01-百思不得姐.a */ = {isa = PBXFileReference; explicitFileType = archive.ar; includeInIndex = 0; path = "libPods-01-百思不得姐.a"; sourceTree = BUILT_PRODUCTS_DIR; };
		913896BE5A71F3D321364CEF /* Pods-01-百思不得姐.debug.xcconfig */ = {isa = PBXFileReference; includeInIndex = 1; lastKnownFileType = text.xcconfig; name = "Pods-01-百思不得姐.debug.xcconfig"; path = "Pods/Target Support Files/Pods-01-百思不得姐/Pods-01-百思不得姐.debug.xcconfig"; sourceTree = "<group>"; };
		FBCD11A3A4C4B6359E07878D /* Pods-01-百思不得姐.release.xcconfig */ = {isa = PBXFileReference; includeInIndex = 1; lastKnownFileType = text.xcconfig; name = "Pods-01-百思不得姐.release.xcconfig"; path = "Pods/Target Support Files/Pods-01-百思不得姐/Pods-01-百思不得姐.release.xcconfig"; sourceTree = "<group>"; };
		FE43386D1D2D0688009B19B0 /* WLTopWindow.h */ = {isa = PBXFileReference; fileEncoding = 4; lastKnownFileType = sourcecode.c.h; path = WLTopWindow.h; sourceTree = "<group>"; };
		FE43386E1D2D0688009B19B0 /* WLTopWindow.m */ = {isa = PBXFileReference; fileEncoding = 4; lastKnownFileType = sourcecode.c.objc; path = WLTopWindow.m; sourceTree = "<group>"; };
		FE4338701D2D0AFA009B19B0 /* WLTopViewController.h */ = {isa = PBXFileReference; fileEncoding = 4; lastKnownFileType = sourcecode.c.h; path = WLTopViewController.h; sourceTree = "<group>"; };
		FE4338711D2D0AFA009B19B0 /* WLTopViewController.m */ = {isa = PBXFileReference; fileEncoding = 4; lastKnownFileType = sourcecode.c.objc; path = WLTopViewController.m; sourceTree = "<group>"; };
		FE4EAAFE1D28160500DB835A /* MapKit.framework */ = {isa = PBXFileReference; lastKnownFileType = wrapper.framework; name = MapKit.framework; path = System/Library/Frameworks/MapKit.framework; sourceTree = SDKROOT; };
		FE7F28251D1AEB5D006D3BED /* WLRecommendViewController.h */ = {isa = PBXFileReference; fileEncoding = 4; lastKnownFileType = sourcecode.c.h; path = WLRecommendViewController.h; sourceTree = "<group>"; };
		FE7F28261D1AEB5D006D3BED /* WLRecommendViewController.m */ = {isa = PBXFileReference; fileEncoding = 4; lastKnownFileType = sourcecode.c.objc; path = WLRecommendViewController.m; sourceTree = "<group>"; };
		FE7F282D1D1C0A60006D3BED /* WLRecommendCell.h */ = {isa = PBXFileReference; fileEncoding = 4; lastKnownFileType = sourcecode.c.h; path = WLRecommendCell.h; sourceTree = "<group>"; };
		FE7F282E1D1C0A60006D3BED /* WLRecommendCell.m */ = {isa = PBXFileReference; fileEncoding = 4; lastKnownFileType = sourcecode.c.objc; path = WLRecommendCell.m; sourceTree = "<group>"; };
		FE7F282F1D1C0A60006D3BED /* WLRecommendCell.xib */ = {isa = PBXFileReference; fileEncoding = 4; lastKnownFileType = file.xib; path = WLRecommendCell.xib; sourceTree = "<group>"; };
		FE7F28321D1C0F61006D3BED /* WLRecommend.h */ = {isa = PBXFileReference; fileEncoding = 4; lastKnownFileType = sourcecode.c.h; path = WLRecommend.h; sourceTree = "<group>"; };
		FE7F28331D1C0F61006D3BED /* WLRecommend.m */ = {isa = PBXFileReference; fileEncoding = 4; lastKnownFileType = sourcecode.c.objc; path = WLRecommend.m; sourceTree = "<group>"; };
		FE7F285E1D1D7B3C006D3BED /* WLLoginAndRegisterController.h */ = {isa = PBXFileReference; fileEncoding = 4; lastKnownFileType = sourcecode.c.h; path = WLLoginAndRegisterController.h; sourceTree = "<group>"; };
		FE7F285F1D1D7B3C006D3BED /* WLLoginAndRegisterController.m */ = {isa = PBXFileReference; fileEncoding = 4; lastKnownFileType = sourcecode.c.objc; path = WLLoginAndRegisterController.m; sourceTree = "<group>"; };
		FE7F28601D1D7B3C006D3BED /* WLLoginAndRegisterController.xib */ = {isa = PBXFileReference; fileEncoding = 4; lastKnownFileType = file.xib; path = WLLoginAndRegisterController.xib; sourceTree = "<group>"; };
		FE7F28631D1D8A8E006D3BED /* WLQuickBtn.h */ = {isa = PBXFileReference; fileEncoding = 4; lastKnownFileType = sourcecode.c.h; path = WLQuickBtn.h; sourceTree = "<group>"; };
		FE7F28641D1D8A8E006D3BED /* WLQuickBtn.m */ = {isa = PBXFileReference; fileEncoding = 4; lastKnownFileType = sourcecode.c.objc; path = WLQuickBtn.m; sourceTree = "<group>"; };
		FE7F28661D1E49C4006D3BED /* WLTextField.h */ = {isa = PBXFileReference; fileEncoding = 4; lastKnownFileType = sourcecode.c.h; path = WLTextField.h; sourceTree = "<group>"; };
		FE7F28671D1E49C4006D3BED /* WLTextField.m */ = {isa = PBXFileReference; fileEncoding = 4; lastKnownFileType = sourcecode.c.objc; path = WLTextField.m; sourceTree = "<group>"; };
		FE7F28691D1E6C96006D3BED /* WLPushGuideView.h */ = {isa = PBXFileReference; fileEncoding = 4; lastKnownFileType = sourcecode.c.h; path = WLPushGuideView.h; sourceTree = "<group>"; };
		FE7F286A1D1E6C96006D3BED /* WLPushGuideView.m */ = {isa = PBXFileReference; fileEncoding = 4; lastKnownFileType = sourcecode.c.objc; path = WLPushGuideView.m; sourceTree = "<group>"; };
		FE7F286C1D1E6CA7006D3BED /* WLPushGuideView.xib */ = {isa = PBXFileReference; fileEncoding = 4; lastKnownFileType = file.xib; path = WLPushGuideView.xib; sourceTree = "<group>"; };
		FE7F287D1D1FB36E006D3BED /* WLTopic.h */ = {isa = PBXFileReference; fileEncoding = 4; lastKnownFileType = sourcecode.c.h; path = WLTopic.h; sourceTree = "<group>"; };
		FE7F287E1D1FB36E006D3BED /* WLTopic.m */ = {isa = PBXFileReference; fileEncoding = 4; lastKnownFileType = sourcecode.c.objc; path = WLTopic.m; sourceTree = "<group>"; };
		FE7F28801D1FC546006D3BED /* WLConst.h */ = {isa = PBXFileReference; fileEncoding = 4; lastKnownFileType = sourcecode.c.h; path = WLConst.h; sourceTree = "<group>"; };
		FE7F28811D1FC546006D3BED /* WLConst.m */ = {isa = PBXFileReference; fileEncoding = 4; lastKnownFileType = sourcecode.c.objc; path = WLConst.m; sourceTree = "<group>"; };
		FE7F28831D1FCC7A006D3BED /* WLTopicCell.h */ = {isa = PBXFileReference; fileEncoding = 4; lastKnownFileType = sourcecode.c.h; path = WLTopicCell.h; sourceTree = "<group>"; };
		FE7F28841D1FCC7A006D3BED /* WLTopicCell.m */ = {isa = PBXFileReference; fileEncoding = 4; lastKnownFileType = sourcecode.c.objc; path = WLTopicCell.m; sourceTree = "<group>"; };
		FE7F28851D1FCC7A006D3BED /* WLTopicCell.xib */ = {isa = PBXFileReference; fileEncoding = 4; lastKnownFileType = file.xib; path = WLTopicCell.xib; sourceTree = "<group>"; };
		FE7F28881D202FD1006D3BED /* NSDate+Extension.h */ = {isa = PBXFileReference; fileEncoding = 4; lastKnownFileType = sourcecode.c.h; path = "NSDate+Extension.h"; sourceTree = "<group>"; };
		FE7F28891D202FD1006D3BED /* NSDate+Extension.m */ = {isa = PBXFileReference; fileEncoding = 4; lastKnownFileType = sourcecode.c.objc; path = "NSDate+Extension.m"; sourceTree = "<group>"; };
		FE7F288B1D21832C006D3BED /* WLTopicViewController.h */ = {isa = PBXFileReference; fileEncoding = 4; lastKnownFileType = sourcecode.c.h; path = WLTopicViewController.h; sourceTree = "<group>"; };
		FE7F288C1D21832C006D3BED /* WLTopicViewController.m */ = {isa = PBXFileReference; fileEncoding = 4; lastKnownFileType = sourcecode.c.objc; path = WLTopicViewController.m; sourceTree = "<group>"; };
		FE90D2701D31380C002666C3 /* WLSquareBtn.h */ = {isa = PBXFileReference; fileEncoding = 4; lastKnownFileType = sourcecode.c.h; path = WLSquareBtn.h; sourceTree = "<group>"; };
		FE90D2711D31380C002666C3 /* WLSquareBtn.m */ = {isa = PBXFileReference; fileEncoding = 4; lastKnownFileType = sourcecode.c.objc; path = WLSquareBtn.m; sourceTree = "<group>"; };
		FE90D2731D3144EA002666C3 /* WLWebController.h */ = {isa = PBXFileReference; fileEncoding = 4; lastKnownFileType = sourcecode.c.h; path = WLWebController.h; sourceTree = "<group>"; };
		FE90D2741D3144EA002666C3 /* WLWebController.m */ = {isa = PBXFileReference; fileEncoding = 4; lastKnownFileType = sourcecode.c.objc; path = WLWebController.m; sourceTree = "<group>"; };
		FE90D2751D3144EA002666C3 /* WLWebController.xib */ = {isa = PBXFileReference; fileEncoding = 4; lastKnownFileType = file.xib; path = WLWebController.xib; sourceTree = "<group>"; };
		FE90D2781D32173E002666C3 /* WLPublicTopicViewController.h */ = {isa = PBXFileReference; fileEncoding = 4; lastKnownFileType = sourcecode.c.h; path = WLPublicTopicViewController.h; sourceTree = "<group>"; };
		FE90D2791D32173E002666C3 /* WLPublicTopicViewController.m */ = {isa = PBXFileReference; fileEncoding = 4; lastKnownFileType = sourcecode.c.objc; path = WLPublicTopicViewController.m; sourceTree = "<group>"; };
		FE90D27B1D323982002666C3 /* WLPlaceholderTextView.h */ = {isa = PBXFileReference; fileEncoding = 4; lastKnownFileType = sourcecode.c.h; path = WLPlaceholderTextView.h; sourceTree = "<group>"; };
		FE90D27C1D323982002666C3 /* WLPlaceholderTextView.m */ = {isa = PBXFileReference; fileEncoding = 4; lastKnownFileType = sourcecode.c.objc; path = WLPlaceholderTextView.m; sourceTree = "<group>"; };
		FEA43AE21D165AD90069F9A7 /* 01-百思不得姐.app */ = {isa = PBXFileReference; explicitFileType = wrapper.application; includeInIndex = 0; path = "01-百思不得姐.app"; sourceTree = BUILT_PRODUCTS_DIR; };
		FEA43AF11D165AD90069F9A7 /* Assets.xcassets */ = {isa = PBXFileReference; lastKnownFileType = folder.assetcatalog; path = Assets.xcassets; sourceTree = "<group>"; };
		FEA43AF61D165AD90069F9A7 /* Info.plist */ = {isa = PBXFileReference; lastKnownFileType = text.plist.xml; path = Info.plist; sourceTree = "<group>"; };
		FEA43B191D16B43D0069F9A7 /* WLEssenceController.h */ = {isa = PBXFileReference; fileEncoding = 4; lastKnownFileType = sourcecode.c.h; path = WLEssenceController.h; sourceTree = "<group>"; };
		FEA43B1A1D16B43D0069F9A7 /* WLEssenceController.m */ = {isa = PBXFileReference; fileEncoding = 4; lastKnownFileType = sourcecode.c.objc; path = WLEssenceController.m; sourceTree = "<group>"; };
		FEA43B231D16B43D0069F9A7 /* WLFriendTrendsController.h */ = {isa = PBXFileReference; fileEncoding = 4; lastKnownFileType = sourcecode.c.h; path = WLFriendTrendsController.h; sourceTree = "<group>"; };
		FEA43B241D16B43D0069F9A7 /* WLFriendTrendsController.m */ = {isa = PBXFileReference; fileEncoding = 4; lastKnownFileType = sourcecode.c.objc; path = WLFriendTrendsController.m; sourceTree = "<group>"; };
		FEA43B281D16B43D0069F9A7 /* AppDelegate.h */ = {isa = PBXFileReference; fileEncoding = 4; lastKnownFileType = sourcecode.c.h; path = AppDelegate.h; sourceTree = "<group>"; };
		FEA43B291D16B43D0069F9A7 /* AppDelegate.m */ = {isa = PBXFileReference; fileEncoding = 4; lastKnownFileType = sourcecode.c.objc; path = AppDelegate.m; sourceTree = "<group>"; };
		FEA43B2B1D16B43D0069F9A7 /* WLTabBarController.h */ = {isa = PBXFileReference; fileEncoding = 4; lastKnownFileType = sourcecode.c.h; path = WLTabBarController.h; sourceTree = "<group>"; };
		FEA43B2C1D16B43D0069F9A7 /* WLTabBarController.m */ = {isa = PBXFileReference; fileEncoding = 4; lastKnownFileType = sourcecode.c.objc; path = WLTabBarController.m; sourceTree = "<group>"; };
		FEA43B2D1D16B43D0069F9A7 /* main.m */ = {isa = PBXFileReference; fileEncoding = 4; lastKnownFileType = sourcecode.c.objc; path = main.m; sourceTree = "<group>"; };
		FEA43B341D16B43D0069F9A7 /* WLTabBar.h */ = {isa = PBXFileReference; fileEncoding = 4; lastKnownFileType = sourcecode.c.h; path = WLTabBar.h; sourceTree = "<group>"; };
		FEA43B351D16B43D0069F9A7 /* WLTabBar.m */ = {isa = PBXFileReference; fileEncoding = 4; lastKnownFileType = sourcecode.c.objc; path = WLTabBar.m; sourceTree = "<group>"; };
		FEA43B361D16B43D0069F9A7 /* wlbdj.pch */ = {isa = PBXFileReference; fileEncoding = 4; lastKnownFileType = sourcecode.c.h; path = wlbdj.pch; sourceTree = "<group>"; };
		FEA43B391D16B43D0069F9A7 /* WLMeController.h */ = {isa = PBXFileReference; fileEncoding = 4; lastKnownFileType = sourcecode.c.h; path = WLMeController.h; sourceTree = "<group>"; };
		FEA43B3A1D16B43D0069F9A7 /* WLMeController.m */ = {isa = PBXFileReference; fileEncoding = 4; lastKnownFileType = sourcecode.c.objc; path = WLMeController.m; sourceTree = "<group>"; };
		FEA43B3F1D16B43D0069F9A7 /* WLNewController.h */ = {isa = PBXFileReference; fileEncoding = 4; lastKnownFileType = sourcecode.c.h; path = WLNewController.h; sourceTree = "<group>"; };
		FEA43B401D16B43D0069F9A7 /* WLNewController.m */ = {isa = PBXFileReference; fileEncoding = 4; lastKnownFileType = sourcecode.c.objc; path = WLNewController.m; sourceTree = "<group>"; };
		FEA43B4F1D16B6C00069F9A7 /* UIBarButtonItem+WLExtension.h */ = {isa = PBXFileReference; fileEncoding = 4; lastKnownFileType = sourcecode.c.h; path = "UIBarButtonItem+WLExtension.h"; sourceTree = "<group>"; };
		FEA43B501D16B6C00069F9A7 /* UIBarButtonItem+WLExtension.m */ = {isa = PBXFileReference; fileEncoding = 4; lastKnownFileType = sourcecode.c.objc; path = "UIBarButtonItem+WLExtension.m"; sourceTree = "<group>"; };
		FEA43B511D16B6C00069F9A7 /* UIView+WLExtension.h */ = {isa = PBXFileReference; fileEncoding = 4; lastKnownFileType = sourcecode.c.h; path = "UIView+WLExtension.h"; sourceTree = "<group>"; };
		FEA43B521D16B6C00069F9A7 /* UIView+WLExtension.m */ = {isa = PBXFileReference; fileEncoding = 4; lastKnownFileType = sourcecode.c.objc; path = "UIView+WLExtension.m"; sourceTree = "<group>"; };
		FEA43B551D16BF250069F9A7 /* WLNavigationBar.h */ = {isa = PBXFileReference; fileEncoding = 4; lastKnownFileType = sourcecode.c.h; path = WLNavigationBar.h; sourceTree = "<group>"; };
		FEA43B561D16BF250069F9A7 /* WLNavigationBar.m */ = {isa = PBXFileReference; fileEncoding = 4; lastKnownFileType = sourcecode.c.objc; path = WLNavigationBar.m; sourceTree = "<group>"; };
		FEA43B581D16D8EF0069F9A7 /* WLFriendTrendsController.xib */ = {isa = PBXFileReference; fileEncoding = 4; lastKnownFileType = file.xib; path = WLFriendTrendsController.xib; sourceTree = "<group>"; };
		FEA43B5A1D16E50E0069F9A7 /* WLRecommedController.h */ = {isa = PBXFileReference; fileEncoding = 4; lastKnownFileType = sourcecode.c.h; path = WLRecommedController.h; sourceTree = "<group>"; };
		FEA43B5B1D16E50E0069F9A7 /* WLRecommedController.m */ = {isa = PBXFileReference; fileEncoding = 4; lastKnownFileType = sourcecode.c.objc; path = WLRecommedController.m; sourceTree = "<group>"; };
		FEA43B5C1D16E50E0069F9A7 /* WLRecommedController.xib */ = {isa = PBXFileReference; fileEncoding = 4; lastKnownFileType = file.xib; path = WLRecommedController.xib; sourceTree = "<group>"; };
		FEA43B5F1D16E95B0069F9A7 /* Foundation+Log.m */ = {isa = PBXFileReference; fileEncoding = 4; lastKnownFileType = sourcecode.c.objc; path = "Foundation+Log.m"; sourceTree = "<group>"; };
		FEA43B611D181DAD0069F9A7 /* WLCategory.h */ = {isa = PBXFileReference; fileEncoding = 4; lastKnownFileType = sourcecode.c.h; path = WLCategory.h; sourceTree = "<group>"; };
		FEA43B621D181DAD0069F9A7 /* WLCategory.m */ = {isa = PBXFileReference; fileEncoding = 4; lastKnownFileType = sourcecode.c.objc; path = WLCategory.m; sourceTree = "<group>"; };
		FEA43B641D1826C70069F9A7 /* WLLeftCell.h */ = {isa = PBXFileReference; fileEncoding = 4; lastKnownFileType = sourcecode.c.h; path = WLLeftCell.h; sourceTree = "<group>"; };
		FEA43B651D1826C70069F9A7 /* WLLeftCell.m */ = {isa = PBXFileReference; fileEncoding = 4; lastKnownFileType = sourcecode.c.objc; path = WLLeftCell.m; sourceTree = "<group>"; };
		FEA43B661D1826C70069F9A7 /* WLLeftCell.xib */ = {isa = PBXFileReference; fileEncoding = 4; lastKnownFileType = file.xib; path = WLLeftCell.xib; sourceTree = "<group>"; };
		FEA43B691D183C7C0069F9A7 /* WLRecommedUser.h */ = {isa = PBXFileReference; fileEncoding = 4; lastKnownFileType = sourcecode.c.h; path = WLRecommedUser.h; sourceTree = "<group>"; };
		FEA43B6A1D183C7C0069F9A7 /* WLRecommedUser.m */ = {isa = PBXFileReference; fileEncoding = 4; lastKnownFileType = sourcecode.c.objc; path = WLRecommedUser.m; sourceTree = "<group>"; };
		FEA43B6C1D1841B00069F9A7 /* WLRightCell.h */ = {isa = PBXFileReference; fileEncoding = 4; lastKnownFileType = sourcecode.c.h; path = WLRightCell.h; sourceTree = "<group>"; };
		FEA43B6D1D1841B00069F9A7 /* WLRightCell.m */ = {isa = PBXFileReference; fileEncoding = 4; lastKnownFileType = sourcecode.c.objc; path = WLRightCell.m; sourceTree = "<group>"; };
		FEA43B6E1D1841B00069F9A7 /* WLRightCell.xib */ = {isa = PBXFileReference; fileEncoding = 4; lastKnownFileType = file.xib; path = WLRightCell.xib; sourceTree = "<group>"; };
		FEAB978F1D24011400114446 /* WLPIcture.h */ = {isa = PBXFileReference; fileEncoding = 4; lastKnownFileType = sourcecode.c.h; path = WLPIcture.h; sourceTree = "<group>"; };
		FEAB97901D24011400114446 /* WLPIcture.m */ = {isa = PBXFileReference; fileEncoding = 4; lastKnownFileType = sourcecode.c.objc; path = WLPIcture.m; sourceTree = "<group>"; };
		FEAB97921D24012700114446 /* WLPIcture.xib */ = {isa = PBXFileReference; fileEncoding = 4; lastKnownFileType = file.xib; path = WLPIcture.xib; sourceTree = "<group>"; };
		FEAB97941D25502A00114446 /* WLBigPictureViewController.h */ = {isa = PBXFileReference; fileEncoding = 4; lastKnownFileType = sourcecode.c.h; path = WLBigPictureViewController.h; sourceTree = "<group>"; };
		FEAB97951D25502A00114446 /* WLBigPictureViewController.m */ = {isa = PBXFileReference; fileEncoding = 4; lastKnownFileType = sourcecode.c.objc; path = WLBigPictureViewController.m; sourceTree = "<group>"; };
		FEAB97961D25502A00114446 /* WLBigPictureViewController.xib */ = {isa = PBXFileReference; fileEncoding = 4; lastKnownFileType = file.xib; path = WLBigPictureViewController.xib; sourceTree = "<group>"; };
		FEAB979D1D2699BA00114446 /* WLPublicViewController.h */ = {isa = PBXFileReference; fileEncoding = 4; lastKnownFileType = sourcecode.c.h; path = WLPublicViewController.h; sourceTree = "<group>"; };
		FEAB979E1D2699BA00114446 /* WLPublicViewController.m */ = {isa = PBXFileReference; fileEncoding = 4; lastKnownFileType = sourcecode.c.objc; path = WLPublicViewController.m; sourceTree = "<group>"; };
		FEAB979F1D2699BA00114446 /* WLPublicViewController.xib */ = {isa = PBXFileReference; fileEncoding = 4; lastKnownFileType = file.xib; path = WLPublicViewController.xib; sourceTree = "<group>"; };
		FEAB97A21D26A58300114446 /* WLPublish.h */ = {isa = PBXFileReference; fileEncoding = 4; lastKnownFileType = sourcecode.c.h; path = WLPublish.h; sourceTree = "<group>"; };
		FEAB97A31D26A58300114446 /* WLPublish.m */ = {isa = PBXFileReference; fileEncoding = 4; lastKnownFileType = sourcecode.c.objc; path = WLPublish.m; sourceTree = "<group>"; };
		FEB896191D2818BF00FEE618 /* WLVoice.h */ = {isa = PBXFileReference; fileEncoding = 4; lastKnownFileType = sourcecode.c.h; path = WLVoice.h; sourceTree = "<group>"; };
		FEB8961A1D2818BF00FEE618 /* WLVoice.m */ = {isa = PBXFileReference; fileEncoding = 4; lastKnownFileType = sourcecode.c.objc; path = WLVoice.m; sourceTree = "<group>"; };
		FEB8961C1D2818CE00FEE618 /* WLVoice.xib */ = {isa = PBXFileReference; fileEncoding = 4; lastKnownFileType = file.xib; path = WLVoice.xib; sourceTree = "<group>"; };
		FEB8961E1D28C3E300FEE618 /* WLVideo.h */ = {isa = PBXFileReference; fileEncoding = 4; lastKnownFileType = sourcecode.c.h; path = WLVideo.h; sourceTree = "<group>"; };
		FEB8961F1D28C3E300FEE618 /* WLVideo.m */ = {isa = PBXFileReference; fileEncoding = 4; lastKnownFileType = sourcecode.c.objc; path = WLVideo.m; sourceTree = "<group>"; };
		FEB896211D28C3FD00FEE618 /* WLVideo.xib */ = {isa = PBXFileReference; fileEncoding = 4; lastKnownFileType = file.xib; path = WLVideo.xib; sourceTree = "<group>"; };
		FEB896231D29019000FEE618 /* WLUser.h */ = {isa = PBXFileReference; fileEncoding = 4; lastKnownFileType = sourcecode.c.h; path = WLUser.h; sourceTree = "<group>"; };
		FEB896241D29019000FEE618 /* WLUser.m */ = {isa = PBXFileReference; fileEncoding = 4; lastKnownFileType = sourcecode.c.objc; path = WLUser.m; sourceTree = "<group>"; };
		FEB896261D29025900FEE618 /* WLTopComment.h */ = {isa = PBXFileReference; fileEncoding = 4; lastKnownFileType = sourcecode.c.h; path = WLTopComment.h; sourceTree = "<group>"; };
		FEB896271D29025900FEE618 /* WLTopComment.m */ = {isa = PBXFileReference; fileEncoding = 4; lastKnownFileType = sourcecode.c.objc; path = WLTopComment.m; sourceTree = "<group>"; };
		FEB896291D29063500FEE618 /* WLTopCommentView.h */ = {isa = PBXFileReference; fileEncoding = 4; lastKnownFileType = sourcecode.c.h; path = WLTopCommentView.h; sourceTree = "<group>"; };
		FEB8962A1D29063500FEE618 /* WLTopCommentView.m */ = {isa = PBXFileReference; fileEncoding = 4; lastKnownFileType = sourcecode.c.objc; path = WLTopCommentView.m; sourceTree = "<group>"; };
		FEB8962C1D29064000FEE618 /* WLTopCommentView.xib */ = {isa = PBXFileReference; fileEncoding = 4; lastKnownFileType = file.xib; path = WLTopCommentView.xib; sourceTree = "<group>"; };
		FEB8962E1D292B7F00FEE618 /* WLCommentViewController.h */ = {isa = PBXFileReference; fileEncoding = 4; lastKnownFileType = sourcecode.c.h; path = WLCommentViewController.h; sourceTree = "<group>"; };
		FEB8962F1D292B7F00FEE618 /* WLCommentViewController.m */ = {isa = PBXFileReference; fileEncoding = 4; lastKnownFileType = sourcecode.c.objc; path = WLCommentViewController.m; sourceTree = "<group>"; };
		FEB896301D292B7F00FEE618 /* WLCommentViewController.xib */ = {isa = PBXFileReference; fileEncoding = 4; lastKnownFileType = file.xib; path = WLCommentViewController.xib; sourceTree = "<group>"; };
		FEB896331D2A9D1E00FEE618 /* WLComment.h */ = {isa = PBXFileReference; fileEncoding = 4; lastKnownFileType = sourcecode.c.h; path = WLComment.h; sourceTree = "<group>"; };
		FEB896341D2A9D1E00FEE618 /* WLComment.m */ = {isa = PBXFileReference; fileEncoding = 4; lastKnownFileType = sourcecode.c.objc; path = WLComment.m; sourceTree = "<group>"; };
		FEB896361D2AA42D00FEE618 /* WLAllComment.h */ = {isa = PBXFileReference; fileEncoding = 4; lastKnownFileType = sourcecode.c.h; path = WLAllComment.h; sourceTree = "<group>"; };
		FEB896371D2AA42D00FEE618 /* WLAllComment.m */ = {isa = PBXFileReference; fileEncoding = 4; lastKnownFileType = sourcecode.c.objc; path = WLAllComment.m; sourceTree = "<group>"; };
		FEB896391D2BF64900FEE618 /* WLCommentView.h */ = {isa = PBXFileReference; fileEncoding = 4; lastKnownFileType = sourcecode.c.h; path = WLCommentView.h; sourceTree = "<group>"; };
		FEB8963A1D2BF64900FEE618 /* WLCommentView.m */ = {isa = PBXFileReference; fileEncoding = 4; lastKnownFileType = sourcecode.c.objc; path = WLCommentView.m; sourceTree = "<group>"; };
		FEB8963C1D2BF65D00FEE618 /* WLCommentView.xib */ = {isa = PBXFileReference; fileEncoding = 4; lastKnownFileType = file.xib; path = WLCommentView.xib; sourceTree = "<group>"; };
		FED81DBA1D30D246005A9A24 /* UIImage+WLExtension.h */ = {isa = PBXFileReference; fileEncoding = 4; lastKnownFileType = sourcecode.c.h; path = "UIImage+WLExtension.h"; sourceTree = "<group>"; };
		FED81DBB1D30D246005A9A24 /* UIImage+WLExtension.m */ = {isa = PBXFileReference; fileEncoding = 4; lastKnownFileType = sourcecode.c.objc; path = "UIImage+WLExtension.m"; sourceTree = "<group>"; };
		FED81DBD1D30D810005A9A24 /* UIImageView+WLExtension.h */ = {isa = PBXFileReference; fileEncoding = 4; lastKnownFileType = sourcecode.c.h; path = "UIImageView+WLExtension.h"; sourceTree = "<group>"; };
		FED81DBE1D30D810005A9A24 /* UIImageView+WLExtension.m */ = {isa = PBXFileReference; fileEncoding = 4; lastKnownFileType = sourcecode.c.objc; path = "UIImageView+WLExtension.m"; sourceTree = "<group>"; };
		FED81DCA1D311B34005A9A24 /* WLMeCell.h */ = {isa = PBXFileReference; fileEncoding = 4; lastKnownFileType = sourcecode.c.h; path = WLMeCell.h; sourceTree = "<group>"; };
		FED81DCB1D311B34005A9A24 /* WLMeCell.m */ = {isa = PBXFileReference; fileEncoding = 4; lastKnownFileType = sourcecode.c.objc; path = WLMeCell.m; sourceTree = "<group>"; };
		FED81DCD1D31229B005A9A24 /* WLMeFooterView.h */ = {isa = PBXFileReference; fileEncoding = 4; lastKnownFileType = sourcecode.c.h; path = WLMeFooterView.h; sourceTree = "<group>"; };
		FED81DCE1D31229B005A9A24 /* WLMeFooterView.m */ = {isa = PBXFileReference; fileEncoding = 4; lastKnownFileType = sourcecode.c.objc; path = WLMeFooterView.m; sourceTree = "<group>"; };
		FED81DD01D31288D005A9A24 /* WLSquare.h */ = {isa = PBXFileReference; fileEncoding = 4; lastKnownFileType = sourcecode.c.h; path = WLSquare.h; sourceTree = "<group>"; };
		FED81DD11D31288D005A9A24 /* WLSquare.m */ = {isa = PBXFileReference; fileEncoding = 4; lastKnownFileType = sourcecode.c.objc; path = WLSquare.m; sourceTree = "<group>"; };
		FEFDE08B1D2815BC00ADCD78 /* 01-百思不得姐.entitlements */ = {isa = PBXFileReference; lastKnownFileType = text.xml; path = "01-百思不得姐.entitlements"; sourceTree = "<group>"; };
/* End PBXFileReference section */

/* Begin PBXFrameworksBuildPhase section */
		FEA43ADF1D165AD90069F9A7 /* Frameworks */ = {
			isa = PBXFrameworksBuildPhase;
			buildActionMask = 2147483647;
			files = (
				FE4EAAFF1D28160500DB835A /* MapKit.framework in Frameworks */,
				7A7EEBA2F09AD9AD8C4514D4 /* libPods-01-百思不得姐.a in Frameworks */,
			);
			runOnlyForDeploymentPostprocessing = 0;
		};
/* End PBXFrameworksBuildPhase section */

/* Begin PBXGroup section */
		5B4AD325F8B0749D4242D2A6 /* Pods */ = {
			isa = PBXGroup;
			children = (
				913896BE5A71F3D321364CEF /* Pods-01-百思不得姐.debug.xcconfig */,
				FBCD11A3A4C4B6359E07878D /* Pods-01-百思不得姐.release.xcconfig */,
			);
			name = Pods;
			sourceTree = "<group>";
		};
		6FDC651F3C22892F66B1B68D /* Frameworks */ = {
			isa = PBXGroup;
			children = (
				FE4EAAFE1D28160500DB835A /* MapKit.framework */,
				1668EEAA845B4AD4DB863B16 /* libPods-01-百思不得姐.a */,
			);
			name = Frameworks;
			sourceTree = "<group>";
		};
		FEA43AD91D165AD90069F9A7 = {
			isa = PBXGroup;
			children = (
				FEA43AE41D165AD90069F9A7 /* 01-百思不得姐 */,
				FEA43AE31D165AD90069F9A7 /* Products */,
				5B4AD325F8B0749D4242D2A6 /* Pods */,
				6FDC651F3C22892F66B1B68D /* Frameworks */,
			);
			sourceTree = "<group>";
		};
		FEA43AE31D165AD90069F9A7 /* Products */ = {
			isa = PBXGroup;
			children = (
				FEA43AE21D165AD90069F9A7 /* 01-百思不得姐.app */,
			);
			name = Products;
			sourceTree = "<group>";
		};
		FEA43AE41D165AD90069F9A7 /* 01-百思不得姐 */ = {
			isa = PBXGroup;
			children = (
				FEFDE08B1D2815BC00ADCD78 /* 01-百思不得姐.entitlements */,
				FEA43B161D16B43D0069F9A7 /* Classes */,
				FEA43AE51D165AD90069F9A7 /* Supporting Files */,
			);
			path = "01-百思不得姐";
			sourceTree = "<group>";
		};
		FEA43AE51D165AD90069F9A7 /* Supporting Files */ = {
			isa = PBXGroup;
			children = (
				FEA43AF11D165AD90069F9A7 /* Assets.xcassets */,
				FEA43AF61D165AD90069F9A7 /* Info.plist */,
			);
			name = "Supporting Files";
			sourceTree = "<group>";
		};
		FEA43B161D16B43D0069F9A7 /* Classes */ = {
			isa = PBXGroup;
			children = (
				FEAB97991D26999800114446 /* Public(发帖) */,
				FEA43B171D16B43D0069F9A7 /* Essence(精华) */,
				FEA43B3D1D16B43D0069F9A7 /* New(新帖) */,
				FEA43B211D16B43D0069F9A7 /* FriendTrends(关注) */,
				FEA43B371D16B43D0069F9A7 /* Me(我) */,
				FEA43B271D16B43D0069F9A7 /* Main(主) */,
			);
			path = Classes;
			sourceTree = "<group>";
		};
		FEA43B171D16B43D0069F9A7 /* Essence(精华) */ = {
			isa = PBXGroup;
			children = (
				FEA43B181D16B43D0069F9A7 /* Controller */,
				FEA43B1B1D16B43D0069F9A7 /* Model */,
				FEA43B1C1D16B43D0069F9A7 /* View */,
			);
			path = "Essence(精华)";
			sourceTree = "<group>";
		};
		FEA43B181D16B43D0069F9A7 /* Controller */ = {
			isa = PBXGroup;
			children = (
				FEA43B191D16B43D0069F9A7 /* WLEssenceController.h */,
				FEA43B1A1D16B43D0069F9A7 /* WLEssenceController.m */,
				FE7F28251D1AEB5D006D3BED /* WLRecommendViewController.h */,
				FE7F28261D1AEB5D006D3BED /* WLRecommendViewController.m */,
				FE7F288B1D21832C006D3BED /* WLTopicViewController.h */,
				FE7F288C1D21832C006D3BED /* WLTopicViewController.m */,
				FEAB97941D25502A00114446 /* WLBigPictureViewController.h */,
				FEAB97951D25502A00114446 /* WLBigPictureViewController.m */,
				FEAB97961D25502A00114446 /* WLBigPictureViewController.xib */,
				FEB8962E1D292B7F00FEE618 /* WLCommentViewController.h */,
				FEB8962F1D292B7F00FEE618 /* WLCommentViewController.m */,
				FEB896301D292B7F00FEE618 /* WLCommentViewController.xib */,
			);
			path = Controller;
			sourceTree = "<group>";
		};
		FEA43B1B1D16B43D0069F9A7 /* Model */ = {
			isa = PBXGroup;
			children = (
				FE7F28321D1C0F61006D3BED /* WLRecommend.h */,
				FE7F28331D1C0F61006D3BED /* WLRecommend.m */,
				FE7F287D1D1FB36E006D3BED /* WLTopic.h */,
				FE7F287E1D1FB36E006D3BED /* WLTopic.m */,
				FEB896231D29019000FEE618 /* WLUser.h */,
				FEB896241D29019000FEE618 /* WLUser.m */,
				FEB896261D29025900FEE618 /* WLTopComment.h */,
				FEB896271D29025900FEE618 /* WLTopComment.m */,
				FEB896331D2A9D1E00FEE618 /* WLComment.h */,
				FEB896341D2A9D1E00FEE618 /* WLComment.m */,
				FEB896361D2AA42D00FEE618 /* WLAllComment.h */,
				FEB896371D2AA42D00FEE618 /* WLAllComment.m */,
			);
			path = Model;
			sourceTree = "<group>";
		};
		FEA43B1C1D16B43D0069F9A7 /* View */ = {
			isa = PBXGroup;
			children = (
				FE7F282D1D1C0A60006D3BED /* WLRecommendCell.h */,
				FE7F282E1D1C0A60006D3BED /* WLRecommendCell.m */,
				FE7F282F1D1C0A60006D3BED /* WLRecommendCell.xib */,
				FE7F28831D1FCC7A006D3BED /* WLTopicCell.h */,
				FE7F28841D1FCC7A006D3BED /* WLTopicCell.m */,
				FE7F28851D1FCC7A006D3BED /* WLTopicCell.xib */,
				FEAB978F1D24011400114446 /* WLPIcture.h */,
				FEAB97901D24011400114446 /* WLPIcture.m */,
				FEAB97921D24012700114446 /* WLPIcture.xib */,
				FEB896191D2818BF00FEE618 /* WLVoice.h */,
				FEB8961A1D2818BF00FEE618 /* WLVoice.m */,
				FEB8961C1D2818CE00FEE618 /* WLVoice.xib */,
				FEB8961E1D28C3E300FEE618 /* WLVideo.h */,
				FEB8961F1D28C3E300FEE618 /* WLVideo.m */,
				FEB896211D28C3FD00FEE618 /* WLVideo.xib */,
				FEB896291D29063500FEE618 /* WLTopCommentView.h */,
				FEB8962A1D29063500FEE618 /* WLTopCommentView.m */,
				FEB8962C1D29064000FEE618 /* WLTopCommentView.xib */,
				FEB896391D2BF64900FEE618 /* WLCommentView.h */,
				FEB8963A1D2BF64900FEE618 /* WLCommentView.m */,
				FEB8963C1D2BF65D00FEE618 /* WLCommentView.xib */,
			);
			path = View;
			sourceTree = "<group>";
		};
		FEA43B211D16B43D0069F9A7 /* FriendTrends(关注) */ = {
			isa = PBXGroup;
			children = (
				FEA43B221D16B43D0069F9A7 /* Controller */,
				FEA43B251D16B43D0069F9A7 /* Model */,
				FEA43B261D16B43D0069F9A7 /* View */,
			);
			path = "FriendTrends(关注)";
			sourceTree = "<group>";
		};
		FEA43B221D16B43D0069F9A7 /* Controller */ = {
			isa = PBXGroup;
			children = (
				FEA43B231D16B43D0069F9A7 /* WLFriendTrendsController.h */,
				FEA43B241D16B43D0069F9A7 /* WLFriendTrendsController.m */,
				FEA43B581D16D8EF0069F9A7 /* WLFriendTrendsController.xib */,
				FEA43B5A1D16E50E0069F9A7 /* WLRecommedController.h */,
				FEA43B5B1D16E50E0069F9A7 /* WLRecommedController.m */,
				FEA43B5C1D16E50E0069F9A7 /* WLRecommedController.xib */,
				FE7F285E1D1D7B3C006D3BED /* WLLoginAndRegisterController.h */,
				FE7F285F1D1D7B3C006D3BED /* WLLoginAndRegisterController.m */,
				FE7F28601D1D7B3C006D3BED /* WLLoginAndRegisterController.xib */,
			);
			path = Controller;
			sourceTree = "<group>";
		};
		FEA43B251D16B43D0069F9A7 /* Model */ = {
			isa = PBXGroup;
			children = (
				FEA43B611D181DAD0069F9A7 /* WLCategory.h */,
				FEA43B621D181DAD0069F9A7 /* WLCategory.m */,
				FEA43B691D183C7C0069F9A7 /* WLRecommedUser.h */,
				FEA43B6A1D183C7C0069F9A7 /* WLRecommedUser.m */,
			);
			path = Model;
			sourceTree = "<group>";
		};
		FEA43B261D16B43D0069F9A7 /* View */ = {
			isa = PBXGroup;
			children = (
				FEA43B641D1826C70069F9A7 /* WLLeftCell.h */,
				FEA43B651D1826C70069F9A7 /* WLLeftCell.m */,
				FEA43B661D1826C70069F9A7 /* WLLeftCell.xib */,
				FEA43B6C1D1841B00069F9A7 /* WLRightCell.h */,
				FEA43B6D1D1841B00069F9A7 /* WLRightCell.m */,
				FEA43B6E1D1841B00069F9A7 /* WLRightCell.xib */,
				FE7F28631D1D8A8E006D3BED /* WLQuickBtn.h */,
				FE7F28641D1D8A8E006D3BED /* WLQuickBtn.m */,
				FE7F28661D1E49C4006D3BED /* WLTextField.h */,
				FE7F28671D1E49C4006D3BED /* WLTextField.m */,
			);
			path = View;
			sourceTree = "<group>";
		};
		FEA43B271D16B43D0069F9A7 /* Main(主) */ = {
			isa = PBXGroup;
			children = (
				FEA43B4E1D16B6C00069F9A7 /* Category */,
				FEA43B2A1D16B43D0069F9A7 /* Controller */,
				FEA43B2E1D16B43D0069F9A7 /* Model */,
				FEA43B2F1D16B43D0069F9A7 /* View */,
				FEA43B281D16B43D0069F9A7 /* AppDelegate.h */,
				FEA43B291D16B43D0069F9A7 /* AppDelegate.m */,
				FEA43B2D1D16B43D0069F9A7 /* main.m */,
				FEA43B361D16B43D0069F9A7 /* wlbdj.pch */,
				FE7F28801D1FC546006D3BED /* WLConst.h */,
				FE7F28811D1FC546006D3BED /* WLConst.m */,
			);
			path = "Main(主)";
			sourceTree = "<group>";
		};
		FEA43B2A1D16B43D0069F9A7 /* Controller */ = {
			isa = PBXGroup;
			children = (
				FEA43B2B1D16B43D0069F9A7 /* WLTabBarController.h */,
				FEA43B2C1D16B43D0069F9A7 /* WLTabBarController.m */,
				FEA43B551D16BF250069F9A7 /* WLNavigationBar.h */,
				FEA43B561D16BF250069F9A7 /* WLNavigationBar.m */,
				FE4338701D2D0AFA009B19B0 /* WLTopViewController.h */,
				FE4338711D2D0AFA009B19B0 /* WLTopViewController.m */,
			);
			path = Controller;
			sourceTree = "<group>";
		};
		FEA43B2E1D16B43D0069F9A7 /* Model */ = {
			isa = PBXGroup;
			children = (
			);
			path = Model;
			sourceTree = "<group>";
		};
		FEA43B2F1D16B43D0069F9A7 /* View */ = {
			isa = PBXGroup;
			children = (
				FEA43B341D16B43D0069F9A7 /* WLTabBar.h */,
				FEA43B351D16B43D0069F9A7 /* WLTabBar.m */,
				FE7F28691D1E6C96006D3BED /* WLPushGuideView.h */,
				FE7F286A1D1E6C96006D3BED /* WLPushGuideView.m */,
				FE7F286C1D1E6CA7006D3BED /* WLPushGuideView.xib */,
				FE43386D1D2D0688009B19B0 /* WLTopWindow.h */,
				FE43386E1D2D0688009B19B0 /* WLTopWindow.m */,
			);
			path = View;
			sourceTree = "<group>";
		};
		FEA43B371D16B43D0069F9A7 /* Me(我) */ = {
			isa = PBXGroup;
			children = (
				FEA43B381D16B43D0069F9A7 /* Controller */,
				FEA43B3B1D16B43D0069F9A7 /* Model */,
				FEA43B3C1D16B43D0069F9A7 /* View */,
			);
			path = "Me(我)";
			sourceTree = "<group>";
		};
		FEA43B381D16B43D0069F9A7 /* Controller */ = {
			isa = PBXGroup;
			children = (
				FEA43B391D16B43D0069F9A7 /* WLMeController.h */,
				FEA43B3A1D16B43D0069F9A7 /* WLMeController.m */,
				FE90D2731D3144EA002666C3 /* WLWebController.h */,
				FE90D2741D3144EA002666C3 /* WLWebController.m */,
				FE90D2751D3144EA002666C3 /* WLWebController.xib */,
			);
			path = Controller;
			sourceTree = "<group>";
		};
		FEA43B3B1D16B43D0069F9A7 /* Model */ = {
			isa = PBXGroup;
			children = (
				FED81DD01D31288D005A9A24 /* WLSquare.h */,
				FED81DD11D31288D005A9A24 /* WLSquare.m */,
			);
			path = Model;
			sourceTree = "<group>";
		};
		FEA43B3C1D16B43D0069F9A7 /* View */ = {
			isa = PBXGroup;
			children = (
				FED81DCA1D311B34005A9A24 /* WLMeCell.h */,
				FED81DCB1D311B34005A9A24 /* WLMeCell.m */,
				FED81DCD1D31229B005A9A24 /* WLMeFooterView.h */,
				FED81DCE1D31229B005A9A24 /* WLMeFooterView.m */,
				FE90D2701D31380C002666C3 /* WLSquareBtn.h */,
				FE90D2711D31380C002666C3 /* WLSquareBtn.m */,
			);
			path = View;
			sourceTree = "<group>";
		};
		FEA43B3D1D16B43D0069F9A7 /* New(新帖) */ = {
			isa = PBXGroup;
			children = (
				FEA43B3E1D16B43D0069F9A7 /* Controller */,
				FEA43B411D16B43D0069F9A7 /* Model */,
				FEA43B421D16B43D0069F9A7 /* View */,
			);
			path = "New(新帖)";
			sourceTree = "<group>";
		};
		FEA43B3E1D16B43D0069F9A7 /* Controller */ = {
			isa = PBXGroup;
			children = (
				FEA43B3F1D16B43D0069F9A7 /* WLNewController.h */,
				FEA43B401D16B43D0069F9A7 /* WLNewController.m */,
			);
			path = Controller;
			sourceTree = "<group>";
		};
		FEA43B411D16B43D0069F9A7 /* Model */ = {
			isa = PBXGroup;
			children = (
			);
			path = Model;
			sourceTree = "<group>";
		};
		FEA43B421D16B43D0069F9A7 /* View */ = {
			isa = PBXGroup;
			children = (
			);
			path = View;
			sourceTree = "<group>";
		};
		FEA43B4E1D16B6C00069F9A7 /* Category */ = {
			isa = PBXGroup;
			children = (
				FEA43B5F1D16E95B0069F9A7 /* Foundation+Log.m */,
				FEA43B4F1D16B6C00069F9A7 /* UIBarButtonItem+WLExtension.h */,
				FEA43B501D16B6C00069F9A7 /* UIBarButtonItem+WLExtension.m */,
				FEA43B511D16B6C00069F9A7 /* UIView+WLExtension.h */,
				FEA43B521D16B6C00069F9A7 /* UIView+WLExtension.m */,
				FE7F28881D202FD1006D3BED /* NSDate+Extension.h */,
				FE7F28891D202FD1006D3BED /* NSDate+Extension.m */,
				FED81DBA1D30D246005A9A24 /* UIImage+WLExtension.h */,
				FED81DBB1D30D246005A9A24 /* UIImage+WLExtension.m */,
				FED81DBD1D30D810005A9A24 /* UIImageView+WLExtension.h */,
				FED81DBE1D30D810005A9A24 /* UIImageView+WLExtension.m */,
			);
			path = Category;
			sourceTree = "<group>";
		};
		FEAB97991D26999800114446 /* Public(发帖) */ = {
			isa = PBXGroup;
			children = (
				FEAB979A1D26999800114446 /* Controller */,
				FEAB979B1D26999800114446 /* Model */,
				FEAB979C1D26999800114446 /* View */,
			);
			path = "Public(发帖)";
			sourceTree = "<group>";
		};
		FEAB979A1D26999800114446 /* Controller */ = {
			isa = PBXGroup;
			children = (
				FEAB979D1D2699BA00114446 /* WLPublicViewController.h */,
				FEAB979E1D2699BA00114446 /* WLPublicViewController.m */,
				FEAB979F1D2699BA00114446 /* WLPublicViewController.xib */,
				FE90D2781D32173E002666C3 /* WLPublicTopicViewController.h */,
				FE90D2791D32173E002666C3 /* WLPublicTopicViewController.m */,
			);
			path = Controller;
			sourceTree = "<group>";
		};
		FEAB979B1D26999800114446 /* Model */ = {
			isa = PBXGroup;
			children = (
			);
			path = Model;
			sourceTree = "<group>";
		};
		FEAB979C1D26999800114446 /* View */ = {
			isa = PBXGroup;
			children = (
				FEAB97A21D26A58300114446 /* WLPublish.h */,
				FEAB97A31D26A58300114446 /* WLPublish.m */,
				FE90D27B1D323982002666C3 /* WLPlaceholderTextView.h */,
				FE90D27C1D323982002666C3 /* WLPlaceholderTextView.m */,
			);
			path = View;
			sourceTree = "<group>";
		};
/* End PBXGroup section */

/* Begin PBXNativeTarget section */
		FEA43AE11D165AD90069F9A7 /* 01-百思不得姐 */ = {
			isa = PBXNativeTarget;
			buildConfigurationList = FEA43AF91D165AD90069F9A7 /* Build configuration list for PBXNativeTarget "01-百思不得姐" */;
			buildPhases = (
				6E5E7C568EFC2C18BFF2F000 /* [CP] Check Pods Manifest.lock */,
				FEA43ADE1D165AD90069F9A7 /* Sources */,
				FEA43ADF1D165AD90069F9A7 /* Frameworks */,
				FEA43AE01D165AD90069F9A7 /* Resources */,
				C9639E0270DFEF1B92CB8F7F /* [CP] Embed Pods Frameworks */,
				B56C3770BB6337CFB55348F1 /* [CP] Copy Pods Resources */,
			);
			buildRules = (
			);
			dependencies = (
			);
			name = "01-百思不得姐";
			productName = "01-百思不得姐";
			productReference = FEA43AE21D165AD90069F9A7 /* 01-百思不得姐.app */;
			productType = "com.apple.product-type.application";
		};
/* End PBXNativeTarget section */

/* Begin PBXProject section */
		FEA43ADA1D165AD90069F9A7 /* Project object */ = {
			isa = PBXProject;
			attributes = {
				CLASSPREFIX = WL;
				LastUpgradeCheck = 0720;
				ORGANIZATIONNAME = wanglong;
				TargetAttributes = {
					FEA43AE11D165AD90069F9A7 = {
						CreatedOnToolsVersion = 7.2.1;
						DevelopmentTeam = PE8RT9TWB9;
						SystemCapabilities = {
							com.apple.Keychain = {
								enabled = 0;
							};
							com.apple.Maps.iOS = {
								enabled = 0;
							};
							com.apple.WAC = {
								enabled = 0;
							};
						};
					};
				};
			};
			buildConfigurationList = FEA43ADD1D165AD90069F9A7 /* Build configuration list for PBXProject "01-百思不得姐" */;
			compatibilityVersion = "Xcode 3.2";
			developmentRegion = English;
			hasScannedForEncodings = 0;
			knownRegions = (
				en,
				Base,
			);
			mainGroup = FEA43AD91D165AD90069F9A7;
			productRefGroup = FEA43AE31D165AD90069F9A7 /* Products */;
			projectDirPath = "";
			projectRoot = "";
			targets = (
				FEA43AE11D165AD90069F9A7 /* 01-百思不得姐 */,
			);
		};
/* End PBXProject section */

/* Begin PBXResourcesBuildPhase section */
		FEA43AE01D165AD90069F9A7 /* Resources */ = {
			isa = PBXResourcesBuildPhase;
			buildActionMask = 2147483647;
			files = (
				FE7F286D1D1E6CA7006D3BED /* WLPushGuideView.xib in Resources */,
				FEB896321D292B7F00FEE618 /* WLCommentViewController.xib in Resources */,
				FEAB97981D25502A00114446 /* WLBigPictureViewController.xib in Resources */,
				FEB8962D1D29064000FEE618 /* WLTopCommentView.xib in Resources */,
				FEA43B591D16D8EF0069F9A7 /* WLFriendTrendsController.xib in Resources */,
				FEA43B681D1826C70069F9A7 /* WLLeftCell.xib in Resources */,
				FEA43B5E1D16E50E0069F9A7 /* WLRecommedController.xib in Resources */,
				FE90D2771D3144EA002666C3 /* WLWebController.xib in Resources */,
				FE7F28311D1C0A60006D3BED /* WLRecommendCell.xib in Resources */,
				FEAB97931D24012700114446 /* WLPIcture.xib in Resources */,
				FEB8961D1D2818CE00FEE618 /* WLVoice.xib in Resources */,
				FE7F28871D1FCC7A006D3BED /* WLTopicCell.xib in Resources */,
				FEAB97A11D2699BA00114446 /* WLPublicViewController.xib in Resources */,
				FE7F28621D1D7B3C006D3BED /* WLLoginAndRegisterController.xib in Resources */,
				FEA43B701D1841B00069F9A7 /* WLRightCell.xib in Resources */,
				FEA43AF21D165AD90069F9A7 /* Assets.xcassets in Resources */,
				FEB896221D28C3FD00FEE618 /* WLVideo.xib in Resources */,
				FEB8963D1D2BF65D00FEE618 /* WLCommentView.xib in Resources */,
			);
			runOnlyForDeploymentPostprocessing = 0;
		};
/* End PBXResourcesBuildPhase section */

/* Begin PBXShellScriptBuildPhase section */
		6E5E7C568EFC2C18BFF2F000 /* [CP] Check Pods Manifest.lock */ = {
			isa = PBXShellScriptBuildPhase;
			buildActionMask = 2147483647;
			files = (
			);
			inputPaths = (
			);
			name = "[CP] Check Pods Manifest.lock";
			outputPaths = (
			);
			runOnlyForDeploymentPostprocessing = 0;
			shellPath = /bin/sh;
			shellScript = "diff \"${PODS_ROOT}/../Podfile.lock\" \"${PODS_ROOT}/Manifest.lock\" > /dev/null\nif [[ $? != 0 ]] ; then\n    cat << EOM\nerror: The sandbox is not in sync with the Podfile.lock. Run 'pod install' or update your CocoaPods installation.\nEOM\n    exit 1\nfi\n";
			showEnvVarsInLog = 0;
		};
		B56C3770BB6337CFB55348F1 /* [CP] Copy Pods Resources */ = {
			isa = PBXShellScriptBuildPhase;
			buildActionMask = 2147483647;
			files = (
			);
			inputPaths = (
			);
			name = "[CP] Copy Pods Resources";
			outputPaths = (
			);
			runOnlyForDeploymentPostprocessing = 0;
			shellPath = /bin/sh;
			shellScript = "\"${SRCROOT}/Pods/Target Support Files/Pods-01-百思不得姐/Pods-01-百思不得姐-resources.sh\"\n";
			showEnvVarsInLog = 0;
		};
		C9639E0270DFEF1B92CB8F7F /* [CP] Embed Pods Frameworks */ = {
			isa = PBXShellScriptBuildPhase;
			buildActionMask = 2147483647;
			files = (
			);
			inputPaths = (
			);
			name = "[CP] Embed Pods Frameworks";
			outputPaths = (
			);
			runOnlyForDeploymentPostprocessing = 0;
			shellPath = /bin/sh;
			shellScript = "\"${SRCROOT}/Pods/Target Support Files/Pods-01-百思不得姐/Pods-01-百思不得姐-frameworks.sh\"\n";
			showEnvVarsInLog = 0;
		};
/* End PBXShellScriptBuildPhase section */

/* Begin PBXSourcesBuildPhase section */
		FEA43ADE1D165AD90069F9A7 /* Sources */ = {
			isa = PBXSourcesBuildPhase;
			buildActionMask = 2147483647;
			files = (
				FEAB97971D25502A00114446 /* WLBigPictureViewController.m in Sources */,
				FEB896311D292B7F00FEE618 /* WLCommentViewController.m in Sources */,
				FEA43B571D16BF250069F9A7 /* WLNavigationBar.m in Sources */,
				FED81DCC1D311B34005A9A24 /* WLMeCell.m in Sources */,
				FEA43B451D16B43D0069F9A7 /* AppDelegate.m in Sources */,
				FEB896351D2A9D1E00FEE618 /* WLComment.m in Sources */,
				FE7F288A1D202FD1006D3BED /* NSDate+Extension.m in Sources */,
				FEA43B4A1D16B43D0069F9A7 /* WLTabBar.m in Sources */,
				FEA43B4C1D16B43D0069F9A7 /* WLNewController.m in Sources */,
				FEA43B5D1D16E50E0069F9A7 /* WLRecommedController.m in Sources */,
				FED81DCF1D31229B005A9A24 /* WLMeFooterView.m in Sources */,
				FEA43B461D16B43D0069F9A7 /* WLTabBarController.m in Sources */,
				FEA43B671D1826C70069F9A7 /* WLLeftCell.m in Sources */,
				FEA43B631D181DAD0069F9A7 /* WLCategory.m in Sources */,
				FEB8963B1D2BF64900FEE618 /* WLCommentView.m in Sources */,
				FEAB97A41D26A58300114446 /* WLPublish.m in Sources */,
				FED81DBC1D30D246005A9A24 /* UIImage+WLExtension.m in Sources */,
				FED81DD21D31288D005A9A24 /* WLSquare.m in Sources */,
				FEB896281D29025900FEE618 /* WLTopComment.m in Sources */,
				FE7F28861D1FCC7A006D3BED /* WLTopicCell.m in Sources */,
				FE7F286B1D1E6C96006D3BED /* WLPushGuideView.m in Sources */,
				FEB8961B1D2818BF00FEE618 /* WLVoice.m in Sources */,
				FEA43B441D16B43D0069F9A7 /* WLFriendTrendsController.m in Sources */,
				FE7F28301D1C0A60006D3BED /* WLRecommendCell.m in Sources */,
				FE7F28611D1D7B3C006D3BED /* WLLoginAndRegisterController.m in Sources */,
				FEB896201D28C3E300FEE618 /* WLVideo.m in Sources */,
				FE7F288D1D21832C006D3BED /* WLTopicViewController.m in Sources */,
				FEA43B6B1D183C7C0069F9A7 /* WLRecommedUser.m in Sources */,
				FE7F28821D1FC546006D3BED /* WLConst.m in Sources */,
				FEA43B6F1D1841B00069F9A7 /* WLRightCell.m in Sources */,
				FED81DBF1D30D810005A9A24 /* UIImageView+WLExtension.m in Sources */,
				FEA43B471D16B43D0069F9A7 /* main.m in Sources */,
				FEB896381D2AA42D00FEE618 /* WLAllComment.m in Sources */,
				FEAB97A01D2699BA00114446 /* WLPublicViewController.m in Sources */,
				FE90D2761D3144EA002666C3 /* WLWebController.m in Sources */,
				FEA43B431D16B43D0069F9A7 /* WLEssenceController.m in Sources */,
				FE90D27D1D323982002666C3 /* WLPlaceholderTextView.m in Sources */,
				FE90D27A1D32173E002666C3 /* WLPublicTopicViewController.m in Sources */,
				FEB896251D29019000FEE618 /* WLUser.m in Sources */,
				FEA43B4B1D16B43D0069F9A7 /* WLMeController.m in Sources */,
				FE7F28271D1AEB5D006D3BED /* WLRecommendViewController.m in Sources */,
				FE4338721D2D0AFA009B19B0 /* WLTopViewController.m in Sources */,
				FEA43B601D16E95B0069F9A7 /* Foundation+Log.m in Sources */,
				FE7F28681D1E49C4006D3BED /* WLTextField.m in Sources */,
				FEB8962B1D29063500FEE618 /* WLTopCommentView.m in Sources */,
				FE7F287F1D1FB36E006D3BED /* WLTopic.m in Sources */,
				FE7F28341D1C0F61006D3BED /* WLRecommend.m in Sources */,
				FE7F28651D1D8A8E006D3BED /* WLQuickBtn.m in Sources */,
				FEAB97911D24011400114446 /* WLPIcture.m in Sources */,
				FE90D2721D31380C002666C3 /* WLSquareBtn.m in Sources */,
				FE43386F1D2D0688009B19B0 /* WLTopWindow.m in Sources */,
				FEA43B531D16B6C00069F9A7 /* UIBarButtonItem+WLExtension.m in Sources */,
				FEA43B541D16B6C00069F9A7 /* UIView+WLExtension.m in Sources */,
			);
			runOnlyForDeploymentPostprocessing = 0;
		};
/* End PBXSourcesBuildPhase section */

/* Begin XCBuildConfiguration section */
		FEA43AF71D165AD90069F9A7 /* Debug */ = {
			isa = XCBuildConfiguration;
			buildSettings = {
				ALWAYS_SEARCH_USER_PATHS = NO;
				CLANG_CXX_LANGUAGE_STANDARD = "gnu++0x";
				CLANG_CXX_LIBRARY = "libc++";
				CLANG_ENABLE_MODULES = YES;
				CLANG_ENABLE_OBJC_ARC = YES;
				CLANG_WARN_BOOL_CONVERSION = YES;
				CLANG_WARN_CONSTANT_CONVERSION = YES;
				CLANG_WARN_DIRECT_OBJC_ISA_USAGE = YES_ERROR;
				CLANG_WARN_EMPTY_BODY = YES;
				CLANG_WARN_ENUM_CONVERSION = YES;
				CLANG_WARN_INT_CONVERSION = YES;
				CLANG_WARN_OBJC_ROOT_CLASS = YES_ERROR;
				CLANG_WARN_UNREACHABLE_CODE = YES;
				CLANG_WARN__DUPLICATE_METHOD_MATCH = YES;
				"CODE_SIGN_IDENTITY[sdk=iphoneos*]" = "iPhone Developer";
				COPY_PHASE_STRIP = NO;
				DEBUG_INFORMATION_FORMAT = dwarf;
				ENABLE_STRICT_OBJC_MSGSEND = YES;
				ENABLE_TESTABILITY = YES;
				GCC_C_LANGUAGE_STANDARD = gnu99;
				GCC_DYNAMIC_NO_PIC = NO;
				GCC_NO_COMMON_BLOCKS = YES;
				GCC_OPTIMIZATION_LEVEL = 0;
				GCC_PREPROCESSOR_DEFINITIONS = (
					"DEBUG=1",
					"$(inherited)",
				);
				GCC_WARN_64_TO_32_BIT_CONVERSION = YES;
				GCC_WARN_ABOUT_RETURN_TYPE = YES_ERROR;
				GCC_WARN_UNDECLARED_SELECTOR = YES;
				GCC_WARN_UNINITIALIZED_AUTOS = YES_AGGRESSIVE;
				GCC_WARN_UNUSED_FUNCTION = YES;
				GCC_WARN_UNUSED_VARIABLE = YES;
				IPHONEOS_DEPLOYMENT_TARGET = 9.2;
				MTL_ENABLE_DEBUG_INFO = YES;
				ONLY_ACTIVE_ARCH = YES;
				SDKROOT = iphoneos;
			};
			name = Debug;
		};
		FEA43AF81D165AD90069F9A7 /* Release */ = {
			isa = XCBuildConfiguration;
			buildSettings = {
				ALWAYS_SEARCH_USER_PATHS = NO;
				CLANG_CXX_LANGUAGE_STANDARD = "gnu++0x";
				CLANG_CXX_LIBRARY = "libc++";
				CLANG_ENABLE_MODULES = YES;
				CLANG_ENABLE_OBJC_ARC = YES;
				CLANG_WARN_BOOL_CONVERSION = YES;
				CLANG_WARN_CONSTANT_CONVERSION = YES;
				CLANG_WARN_DIRECT_OBJC_ISA_USAGE = YES_ERROR;
				CLANG_WARN_EMPTY_BODY = YES;
				CLANG_WARN_ENUM_CONVERSION = YES;
				CLANG_WARN_INT_CONVERSION = YES;
				CLANG_WARN_OBJC_ROOT_CLASS = YES_ERROR;
				CLANG_WARN_UNREACHABLE_CODE = YES;
				CLANG_WARN__DUPLICATE_METHOD_MATCH = YES;
				"CODE_SIGN_IDENTITY[sdk=iphoneos*]" = "iPhone Developer";
				COPY_PHASE_STRIP = NO;
				DEBUG_INFORMATION_FORMAT = "dwarf-with-dsym";
				ENABLE_NS_ASSERTIONS = NO;
				ENABLE_STRICT_OBJC_MSGSEND = YES;
				GCC_C_LANGUAGE_STANDARD = gnu99;
				GCC_NO_COMMON_BLOCKS = YES;
				GCC_WARN_64_TO_32_BIT_CONVERSION = YES;
				GCC_WARN_ABOUT_RETURN_TYPE = YES_ERROR;
				GCC_WARN_UNDECLARED_SELECTOR = YES;
				GCC_WARN_UNINITIALIZED_AUTOS = YES_AGGRESSIVE;
				GCC_WARN_UNUSED_FUNCTION = YES;
				GCC_WARN_UNUSED_VARIABLE = YES;
				IPHONEOS_DEPLOYMENT_TARGET = 9.2;
				MTL_ENABLE_DEBUG_INFO = NO;
				SDKROOT = iphoneos;
				VALIDATE_PRODUCT = YES;
			};
			name = Release;
		};
		FEA43AFA1D165AD90069F9A7 /* Debug */ = {
			isa = XCBuildConfiguration;
			baseConfigurationReference = 913896BE5A71F3D321364CEF /* Pods-01-百思不得姐.debug.xcconfig */;
			buildSettings = {
				ASSETCATALOG_COMPILER_APPICON_NAME = AppIcon;
				ASSETCATALOG_COMPILER_LAUNCHIMAGE_NAME = LaunchImage;
				GCC_INCREASE_PRECOMPILED_HEADER_SHARING = NO;
				GCC_PREFIX_HEADER = "01-百思不得姐/Classes/Main(主)/wlbdj.pch";
				INFOPLIST_FILE = "01-百思不得姐/Info.plist";
				LD_RUNPATH_SEARCH_PATHS = "$(inherited) @executable_path/Frameworks";
				PRODUCT_BUNDLE_IDENTIFIER = "com.mineline.-1------";
				PRODUCT_NAME = "$(TARGET_NAME)";
			};
			name = Debug;
		};
		FEA43AFB1D165AD90069F9A7 /* Release */ = {
			isa = XCBuildConfiguration;
			baseConfigurationReference = FBCD11A3A4C4B6359E07878D /* Pods-01-百思不得姐.release.xcconfig */;
			buildSettings = {
				ASSETCATALOG_COMPILER_APPICON_NAME = AppIcon;
				ASSETCATALOG_COMPILER_LAUNCHIMAGE_NAME = LaunchImage;
				GCC_INCREASE_PRECOMPILED_HEADER_SHARING = NO;
				GCC_PREFIX_HEADER = "01-百思不得姐/Classes/Main(主)/wlbdj.pch";
				INFOPLIST_FILE = "01-百思不得姐/Info.plist";
				LD_RUNPATH_SEARCH_PATHS = "$(inherited) @executable_path/Frameworks";
				PRODUCT_BUNDLE_IDENTIFIER = "com.mineline.-1------";
				PRODUCT_NAME = "$(TARGET_NAME)";
			};
			name = Release;
		};
/* End XCBuildConfiguration section */

/* Begin XCConfigurationList section */
		FEA43ADD1D165AD90069F9A7 /* Build configuration list for PBXProject "01-百思不得姐" */ = {
			isa = XCConfigurationList;
			buildConfigurations = (
				FEA43AF71D165AD90069F9A7 /* Debug */,
				FEA43AF81D165AD90069F9A7 /* Release */,
			);
			defaultConfigurationIsVisible = 0;
			defaultConfigurationName = Release;
		};
		FEA43AF91D165AD90069F9A7 /* Build configuration list for PBXNativeTarget "01-百思不得姐" */ = {
			isa = XCConfigurationList;
			buildConfigurations = (
				FEA43AFA1D165AD90069F9A7 /* Debug */,
				FEA43AFB1D165AD90069F9A7 /* Release */,
			);
			defaultConfigurationIsVisible = 0;
			defaultConfigurationName = Release;
		};
/* End XCConfigurationList section */
	};
	rootObject = FEA43ADA1D165AD90069F9A7 /* Project object */;
}
